
Microsoft Visual Studio Solution File, Format Version 12.00
# Visual Studio Version 16
VisualStudioVersion = 16.0.31112.23
MinimumVisualStudioVersion = 10.0.40219.1
Project("{FAE04EC0-301F-11D3-BF4B-00C04F79EFBC}") = "Qr.Code", "Qr.Code\Qr.Code.csproj", "{5CAB9F29-8E37-4CB7-BB60-414DEE0D56D1}"
EndProject
Project("{54435603-DBB4-11D2-8724-00A0C9A8B90C}") = "QrCode", "Instalador\QrCode\QrCode.vdproj", "{C1D9DEDE-DC03-45A7-AC1D-AFFCDF1E0C44}"
EndProject
Global
	GlobalSection(SolutionConfigurationPlatforms) = preSolution
		Debug|Any CPU = Debug|Any CPU
		Release|Any CPU = Release|Any CPU
	EndGlobalSection
	GlobalSection(ProjectConfigurationPlatforms) = postSolution
		{5CAB9F29-8E37-4CB7-BB60-414DEE0D56D1}.Debug|Any CPU.ActiveCfg = Debug|Any CPU
		{5CAB9F29-8E37-4CB7-BB60-414DEE0D56D1}.Debug|Any CPU.Build.0 = Debug|Any CPU
		{5CAB9F29-8E37-4CB7-BB60-414DEE0D56D1}.Release|Any CPU.ActiveCfg = Release|Any CPU
		{5CAB9F29-8E37-4CB7-BB60-414DEE0D56D1}.Release|Any CPU.Build.0 = Release|Any CPU
		{C1D9DEDE-DC03-45A7-AC1D-AFFCDF1E0C44}.Debug|Any CPU.ActiveCfg = Debug
		{C1D9DEDE-DC03-45A7-AC1D-AFFCDF1E0C44}.Release|Any CPU.ActiveCfg = Release
	EndGlobalSection
	GlobalSection(SolutionProperties) = preSolution
		HideSolutionNode = FALSE
	EndGlobalSection
	GlobalSection(ExtensibilityGlobals) = postSolution
		SolutionGuid = {6FBC5E76-07C5-4E32-8638-48F014D068E9}
	EndGlobalSection
EndGlobal
